
Microsoft Visual Studio Solution File, Format Version 12.00
# Visual Studio Version 17
VisualStudioVersion = 17.5.33424.131
MinimumVisualStudioVersion = 10.0.40219.1
Project("{8BC9CEB8-8B4A-11D0-8D11-00A0C91BC942}") = "EditorLibrary", "EditorLibrary\EditorLibrary.vcxproj", "{4FA955C6-2B9D-47FF-BB0F-B462D9B87588}"
EndProject
Project("{8BC9CEB8-8B4A-11D0-8D11-00A0C91BC942}") = "EditorUI", "EditorUI\EditorUI.vcxproj", "{92D6EBE8-E6C9-4C76-9579-5665BF43F9A9}"
	ProjectSection(ProjectDependencies) = postProject
		{4FA955C6-2B9D-47FF-BB0F-B462D9B87588} = {4FA955C6-2B9D-47FF-BB0F-B462D9B87588}
	EndProjectSection
EndProject
Global
	GlobalSection(SolutionConfigurationPlatforms) = preSolution
		Debug|64 Bit = Debug|64 Bit
		Testing|64 Bit = Testing|64 Bit
	EndGlobalSection
	GlobalSection(ProjectConfigurationPlatforms) = postSolution
		{4FA955C6-2B9D-47FF-BB0F-B462D9B87588}.Debug|64 Bit.ActiveCfg = Debug|x64
		{4FA955C6-2B9D-47FF-BB0F-B462D9B87588}.Debug|64 Bit.Build.0 = Debug|x64
		{4FA955C6-2B9D-47FF-BB0F-B462D9B87588}.Testing|64 Bit.ActiveCfg = Testing|x64
		{4FA955C6-2B9D-47FF-BB0F-B462D9B87588}.Testing|64 Bit.Build.0 = Testing|x64
		{92D6EBE8-E6C9-4C76-9579-5665BF43F9A9}.Debug|64 Bit.ActiveCfg = Debug|x64
		{92D6EBE8-E6C9-4C76-9579-5665BF43F9A9}.Debug|64 Bit.Build.0 = Debug|x64
		{92D6EBE8-E6C9-4C76-9579-5665BF43F9A9}.Testing|64 Bit.ActiveCfg = Testing|x64
		{92D6EBE8-E6C9-4C76-9579-5665BF43F9A9}.Testing|64 Bit.Build.0 = Testing|x64
	EndGlobalSection
	GlobalSection(SolutionProperties) = preSolution
		HideSolutionNode = FALSE
	EndGlobalSection
	GlobalSection(ExtensibilityGlobals) = postSolution
		SolutionGuid = {38B1E00F-A3E4-45CE-9171-EA141A3D497E}
	EndGlobalSection
EndGlobal
